
Microsoft Visual Studio Solution File, Format Version 12.00
# Visual Studio Version 17
VisualStudioVersion = 17.5.002.0
MinimumVisualStudioVersion = 10.0.40219.1
Project("{9A19103F-16F7-4668-BE54-9A1E7A4F7556}") = "family-command-center-functions", "family-command-center-functions.csproj", "{43DEF224-7924-41F4-AE97-423559107539}"
EndProject
Global
	GlobalSection(SolutionConfigurationPlatforms) = preSolution
		Debug|Any CPU = Debug|Any CPU
		Release|Any CPU = Release|Any CPU
	EndGlobalSection
	GlobalSection(ProjectConfigurationPlatforms) = postSolution
		{43DEF224-7924-41F4-AE97-423559107539}.Debug|Any CPU.ActiveCfg = Debug|Any CPU
		{43DEF224-7924-41F4-AE97-423559107539}.Debug|Any CPU.Build.0 = Debug|Any CPU
		{43DEF224-7924-41F4-AE97-423559107539}.Release|Any CPU.ActiveCfg = Release|Any CPU
		{43DEF224-7924-41F4-AE97-423559107539}.Release|Any CPU.Build.0 = Release|Any CPU
	EndGlobalSection
	GlobalSection(SolutionProperties) = preSolution
		HideSolutionNode = FALSE
	EndGlobalSection
	GlobalSection(ExtensibilityGlobals) = postSolution
		SolutionGuid = {CF5250D8-0909-49DD-BDEC-491F13E13117}
	EndGlobalSection
EndGlobal
